[[package]]
category = "main"
description = "Fast ASN.1 parser and serializer with definitions for private keys, public keys, certificates, CRL, OCSP, CMS, PKCS#3, PKCS#7, PKCS#8, PKCS#12, PKCS#5, X.509 and TSP"
name = "asn1crypto"
optional = false
python-versions = "*"
version = "1.3.0"

[[package]]
category = "dev"
description = "Atomic file writes."
marker = "sys_platform == \"win32\""
name = "atomicwrites"
optional = false
python-versions = ">=2.7, !=3.0.*, !=3.1.*, !=3.2.*, !=3.3.*"
version = "1.3.0"

[[package]]
category = "dev"
description = "Classes Without Boilerplate"
name = "attrs"
optional = false
python-versions = ">=2.7, !=3.0.*, !=3.1.*, !=3.2.*, !=3.3.*"
version = "19.3.0"

[package.extras]
azure-pipelines = ["coverage", "hypothesis", "pympler", "pytest (>=4.3.0)", "six", "zope.interface", "pytest-azurepipelines"]
dev = ["coverage", "hypothesis", "pympler", "pytest (>=4.3.0)", "six", "zope.interface", "sphinx", "pre-commit"]
docs = ["sphinx", "zope.interface"]
tests = ["coverage", "hypothesis", "pympler", "pytest (>=4.3.0)", "six", "zope.interface"]

[[package]]
category = "main"
description = "Python package for providing Mozilla's CA Bundle."
name = "certifi"
optional = false
python-versions = "*"
version = "2019.11.28"

[[package]]
category = "main"
description = "Validates X.509 certificates and paths"
name = "certvalidator"
optional = false
python-versions = "*"
version = "0.11.1"

[package.dependencies]
asn1crypto = ">=0.18.1"
oscrypto = ">=0.16.1"

[[package]]
category = "main"
description = "Universal encoding detector for Python 2 and 3"
name = "chardet"
optional = false
python-versions = "*"
version = "3.0.4"

[[package]]
category = "main"
description = "Crypto wrapper library for the Avato platform"
name = "chily"
optional = false
python-versions = "==3.7.*"
version = "0.1.1"

[[package]]
category = "dev"
description = "Cross-platform colored terminal text."
marker = "sys_platform == \"win32\""
name = "colorama"
optional = false
python-versions = ">=2.7, !=3.0.*, !=3.1.*, !=3.2.*, !=3.3.*, !=3.4.*"
version = "0.4.3"

[[package]]
category = "main"
description = "Clean single-source support for Python 3 and 2"
name = "future"
optional = false
python-versions = ">=2.6, !=3.0.*, !=3.1.*, !=3.2.*"
version = "0.18.2"

[[package]]
category = "main"
description = "GAX library for the Google Logging API"
name = "gax-google-logging-v2"
optional = false
python-versions = "*"
version = "0.8.3"

[package.dependencies]
google-gax = ">=0.12.5,<0.13.0"
googleapis-common-protos = ">=1.1.0"
grpc-google-logging-v2 = ">=0.8.1,<0.9.0"
oauth2client = ">=1.4.11"

[[package]]
category = "main"
description = "DEPRECATED"
name = "gax-google-pubsub-v1"
optional = false
python-versions = "*"
version = "0.8.3"

[package.dependencies]
google-gax = ">=0.12.5,<0.13.0"
googleapis-common-protos = ">=1.1.0"
grpc-google-pubsub-v1 = ">=0.8.1,<0.9.0"
oauth2client = ">=1.4.11"

[[package]]
category = "main"
description = "API Client library for Google Cloud"
name = "gcloud"
optional = false
python-versions = "*"
version = "0.18.3"

[package.dependencies]
gax-google-logging-v2 = ">=0.8.0,<0.9dev"
gax-google-pubsub-v1 = ">=0.8.0,<0.9dev"
google-gax = ">=0.12.3,<0.13dev"
googleapis-common-protos = "*"
grpc-google-logging-v2 = ">=0.8.0,<0.9dev"
grpc-google-pubsub-v1 = ">=0.8.0,<0.9dev"
grpcio = ">=1.0rc1"
httplib2 = ">=0.9.1"
oauth2client = ">=2.0.1"
protobuf = ">3.0.0.b2"
six = "*"

[package.extras]
grpc = ["grpcio (>=1.0rc1)", "google-gax (>=0.12.3,<0.13dev)", "gax-google-pubsub-v1 (>=0.8.0,<0.9dev)", "grpc-google-pubsub-v1 (>=0.8.0,<0.9dev)", "gax-google-logging-v2 (>=0.8.0,<0.9dev)", "grpc-google-logging-v2 (>=0.8.0,<0.9dev)"]

[[package]]
category = "main"
description = "Google API Extensions"
name = "google-gax"
optional = false
python-versions = "*"
version = "0.12.5"

[package.dependencies]
future = ">=0.15.2"
grpcio = ">=1.0rc1"
oauth2client = ">=1.5.2"
ply = "3.8"
protobuf = ">=3.0.0b3"

[[package]]
category = "main"
description = "Common protobufs used in Google APIs"
name = "googleapis-common-protos"
optional = false
python-versions = "*"
version = "1.51.0"

[package.dependencies]
protobuf = ">=3.6.0"

[package.extras]
grpc = ["grpcio (>=1.0.0)"]

[[package]]
category = "main"
description = "GRPC library for the google-logging-v2 service"
name = "grpc-google-logging-v2"
optional = false
python-versions = "*"
version = "0.8.1"

[package.dependencies]
googleapis-common-protos = ">=1.1.0"
grpcio = ">=1.0rc1"
oauth2client = ">=1.4.11"

[[package]]
category = "main"
description = "GRPC library for the google-pubsub-v1 service"
name = "grpc-google-pubsub-v1"
optional = false
python-versions = "*"
version = "0.8.1"

[package.dependencies]
googleapis-common-protos = ">=1.1.0"
grpcio = ">=1.0rc1"
oauth2client = ">=1.4.11"

[[package]]
category = "main"
description = "HTTP/2-based RPC framework"
name = "grpcio"
optional = false
python-versions = "*"
version = "1.27.1"

[package.dependencies]
six = ">=1.5.2"

[[package]]
category = "main"
description = "A comprehensive HTTP client library."
name = "httplib2"
optional = false
python-versions = "*"
version = "0.17.0"

[[package]]
category = "main"
description = "Internationalized Domain Names in Applications (IDNA)"
name = "idna"
optional = false
python-versions = ">=2.7, !=3.0.*, !=3.1.*, !=3.2.*, !=3.3.*"
version = "2.8"

[[package]]
category = "dev"
description = "Read metadata from Python packages"
marker = "python_version < \"3.8\""
name = "importlib-metadata"
optional = false
python-versions = "!=3.0.*,!=3.1.*,!=3.2.*,!=3.3.*,!=3.4.*,>=2.7"
version = "1.5.0"

[package.dependencies]
zipp = ">=0.5"

[package.extras]
docs = ["sphinx", "rst.linker"]
testing = ["packaging", "importlib-resources"]

[[package]]
category = "main"
description = "JSON Web Signatures implementation in Python"
name = "jws"
optional = false
python-versions = "*"
version = "0.1.3"

[[package]]
category = "dev"
description = "More routines for operating on iterables, beyond itertools"
name = "more-itertools"
optional = false
python-versions = ">=3.5"
version = "8.2.0"

[[package]]
category = "main"
description = "OAuth 2.0 client library"
name = "oauth2client"
optional = false
python-versions = "*"
version = "4.1.2"

[package.dependencies]
httplib2 = ">=0.9.1"
pyasn1 = ">=0.1.7"
pyasn1-modules = ">=0.0.5"
rsa = ">=3.1.4"
six = ">=1.6.1"

[[package]]
category = "main"
description = "TLS (SSL) sockets, key generation, encryption, decryption, signing, verification and KDFs using the OS crypto libraries. Does not require a compiler, and relies on the OS for patching. Works on Windows, OS X and Linux/BSD."
name = "oscrypto"
optional = false
python-versions = "*"
version = "1.2.0"

[package.dependencies]
asn1crypto = ">=1.0.0"

[[package]]
category = "dev"
description = "Core utilities for Python packages"
name = "packaging"
optional = false
python-versions = ">=2.7, !=3.0.*, !=3.1.*, !=3.2.*, !=3.3.*"
version = "20.1"

[package.dependencies]
pyparsing = ">=2.0.2"
six = "*"

[[package]]
category = "dev"
description = "plugin and hook calling mechanisms for python"
name = "pluggy"
optional = false
python-versions = ">=2.7, !=3.0.*, !=3.1.*, !=3.2.*, !=3.3.*"
version = "0.13.1"

[package.dependencies]
[package.dependencies.importlib-metadata]
python = "<3.8"
version = ">=0.12"

[package.extras]
dev = ["pre-commit", "tox"]

[[package]]
category = "main"
description = "Python Lex & Yacc"
name = "ply"
optional = false
python-versions = "*"
version = "3.8"

[[package]]
category = "main"
description = "Protocol Buffers"
name = "protobuf"
optional = false
python-versions = "*"
version = "3.11.3"

[package.dependencies]
setuptools = "*"
six = ">=1.9"

[[package]]
category = "dev"
description = "library with cross-python path, ini-parsing, io, code, log facilities"
name = "py"
optional = false
python-versions = ">=2.7, !=3.0.*, !=3.1.*, !=3.2.*, !=3.3.*"
version = "1.8.1"

[[package]]
category = "main"
description = "ASN.1 types and codecs"
name = "pyasn1"
optional = false
python-versions = "*"
version = "0.4.8"

[[package]]
category = "main"
description = "A collection of ASN.1-based protocols modules."
name = "pyasn1-modules"
optional = false
python-versions = "*"
version = "0.2.8"

[package.dependencies]
pyasn1 = ">=0.4.6,<0.5.0"

[[package]]
category = "main"
description = "Cryptographic library for Python"
name = "pycryptodome"
optional = false
python-versions = ">=2.6, !=3.0.*, !=3.1.*, !=3.2.*, !=3.3.*"
version = "3.9.6"

[[package]]
category = "dev"
description = "Python parsing module"
name = "pyparsing"
optional = false
python-versions = ">=2.6, !=3.0.*, !=3.1.*, !=3.2.*"
version = "2.4.6"

[[package]]
category = "main"
description = "A simple python wrapper for the Firebase API with current deps"
name = "pyrebase4"
optional = false
python-versions = "*"
version = "4.3.0"

[package.dependencies]
gcloud = "0.18.3"
oauth2client = "4.1.2"
pycryptodome = ">=3.6.4"
python-jwt = "2.0.1"
requests = ">=2.19.1"
requests-toolbelt = ">=0.7.1"

[[package]]
category = "dev"
description = "pytest: simple powerful testing with Python"
name = "pytest"
optional = false
python-versions = ">=3.5"
version = "5.3.5"

[package.dependencies]
atomicwrites = ">=1.0"
attrs = ">=17.4.0"
colorama = "*"
more-itertools = ">=4.0.0"
packaging = "*"
pluggy = ">=0.12,<1.0"
py = ">=1.5.0"
wcwidth = "*"

[package.dependencies.importlib-metadata]
python = "<3.8"
version = ">=0.12"

[package.extras]
checkqa-mypy = ["mypy (v0.761)"]
testing = ["argcomplete", "hypothesis (>=3.56)", "mock", "nose", "requests", "xmlschema"]

[[package]]
category = "main"
description = "Module for generating and verifying JSON Web Tokens"
name = "python-jwt"
optional = false
python-versions = "*"
version = "2.0.1"

[package.dependencies]
jws = ">=0.1.3"

[[package]]
category = "main"
description = "Python HTTP for Humans."
name = "requests"
optional = false
python-versions = ">=2.7, !=3.0.*, !=3.1.*, !=3.2.*, !=3.3.*, !=3.4.*"
version = "2.22.0"

[package.dependencies]
certifi = ">=2017.4.17"
chardet = ">=3.0.2,<3.1.0"
idna = ">=2.5,<2.9"
urllib3 = ">=1.21.1,<1.25.0 || >1.25.0,<1.25.1 || >1.25.1,<1.26"

[package.extras]
security = ["pyOpenSSL (>=0.14)", "cryptography (>=1.3.4)", "idna (>=2.0.0)"]
socks = ["PySocks (>=1.5.6,<1.5.7 || >1.5.7)", "win-inet-pton"]

[[package]]
category = "main"
description = "A utility belt for advanced users of python-requests"
name = "requests-toolbelt"
optional = false
python-versions = "*"
version = "0.9.1"

[package.dependencies]
requests = ">=2.0.1,<3.0.0"

[[package]]
category = "main"
description = "Pure-Python RSA implementation"
name = "rsa"
optional = false
python-versions = "*"
version = "4.0"

[package.dependencies]
pyasn1 = ">=0.1.3"

[[package]]
category = "main"
description = "SGX structures parsing wrapper library for the Avato platform"
name = "sgx-ias-structs"
optional = false
python-versions = "==3.7.*"
version = "0.1.1"

[[package]]
category = "main"
description = "Python 2 and 3 compatibility utilities"
name = "six"
optional = false
python-versions = ">=2.7, !=3.0.*, !=3.1.*, !=3.2.*"
version = "1.14.0"

[[package]]
category = "main"
description = "HTTP library with thread-safe connection pooling, file post, and more."
name = "urllib3"
optional = false
python-versions = ">=2.7, !=3.0.*, !=3.1.*, !=3.2.*, !=3.3.*, !=3.4.*, <4"
version = "1.25.8"

[package.extras]
brotli = ["brotlipy (>=0.6.0)"]
secure = ["pyOpenSSL (>=0.14)", "cryptography (>=1.3.4)", "idna (>=2.0.0)", "certifi", "ipaddress"]
socks = ["PySocks (>=1.5.6,<1.5.7 || >1.5.7,<2.0)"]

[[package]]
category = "dev"
description = "Measures number of Terminal column cells of wide-character codes"
name = "wcwidth"
optional = false
python-versions = "*"
version = "0.1.8"

[[package]]
category = "dev"
description = "Backport of pathlib-compatible object wrapper for zip files"
marker = "python_version < \"3.8\""
name = "zipp"
optional = false
python-versions = ">=3.6"
version = "2.2.0"

[package.extras]
docs = ["sphinx", "jaraco.packaging (>=3.2)", "rst.linker (>=1.9)"]
testing = ["jaraco.itertools"]

[metadata]
content-hash = "a166056f0c3c612859618a67e524a7a068a7208a0cbfbbf189a3c49c66654c59"
python-versions = "3.7.*"

[metadata.files]
asn1crypto = [
    {file = "asn1crypto-1.3.0-py2.py3-none-any.whl", hash = "sha256:831d2710d3274c8a74befdddaf9f17fcbf6e350534565074818722d6d615b315"},
    {file = "asn1crypto-1.3.0.tar.gz", hash = "sha256:5a215cb8dc12f892244e3a113fe05397ee23c5c4ca7a69cd6e69811755efc42d"},
]
atomicwrites = [
    {file = "atomicwrites-1.3.0-py2.py3-none-any.whl", hash = "sha256:03472c30eb2c5d1ba9227e4c2ca66ab8287fbfbbda3888aa93dc2e28fc6811b4"},
    {file = "atomicwrites-1.3.0.tar.gz", hash = "sha256:75a9445bac02d8d058d5e1fe689654ba5a6556a1dfd8ce6ec55a0ed79866cfa6"},
]
attrs = [
    {file = "attrs-19.3.0-py2.py3-none-any.whl", hash = "sha256:08a96c641c3a74e44eb59afb61a24f2cb9f4d7188748e76ba4bb5edfa3cb7d1c"},
    {file = "attrs-19.3.0.tar.gz", hash = "sha256:f7b7ce16570fe9965acd6d30101a28f62fb4a7f9e926b3bbc9b61f8b04247e72"},
]
certifi = [
    {file = "certifi-2019.11.28-py2.py3-none-any.whl", hash = "sha256:017c25db2a153ce562900032d5bc68e9f191e44e9a0f762f373977de9df1fbb3"},
    {file = "certifi-2019.11.28.tar.gz", hash = "sha256:25b64c7da4cd7479594d035c08c2d809eb4aab3a26e5a990ea98cc450c320f1f"},
]
certvalidator = [
    {file = "certvalidator-0.11.1-py2.py3-none-any.whl", hash = "sha256:77520b269f516d4fb0902998d5bd0eb3727fe153b659aa1cb828dcf12ea6b8de"},
    {file = "certvalidator-0.11.1.tar.gz", hash = "sha256:922d141c94393ab285ca34338e18dd4093e3ae330b1f278e96c837cb62cffaad"},
]
chardet = [
    {file = "chardet-3.0.4-py2.py3-none-any.whl", hash = "sha256:fc323ffcaeaed0e0a02bf4d117757b98aed530d9ed4531e3e15460124c106691"},
    {file = "chardet-3.0.4.tar.gz", hash = "sha256:84ab92ed1c4d4f16916e05906b6b75a6c0fb5db821cc65e70cbd64a3e2a5eaae"},
]
chily = [
    {file = "chily-0.1.1-cp37-cp37m-macosx_10_7_x86_64.whl", hash = "sha256:5282b49be4fd068de52d13af47ca28bf318d693d647be879e35775df35424df7"},
    {file = "chily-0.1.1-cp37-cp37m-manylinux1_x86_64.whl", hash = "sha256:fa2a6085b0eeb319cccbac0e8b751c9c25cc7fd294f5fe8c7e874b8ed07b586e"},
    {file = "chily-0.1.1-cp37-none-win_amd64.whl", hash = "sha256:fd0dc83eb6885843649381dcb563cf8b4f978f7ac61b09678c1a49ce654525b4"},
]
colorama = [
    {file = "colorama-0.4.3-py2.py3-none-any.whl", hash = "sha256:7d73d2a99753107a36ac6b455ee49046802e59d9d076ef8e47b61499fa29afff"},
    {file = "colorama-0.4.3.tar.gz", hash = "sha256:e96da0d330793e2cb9485e9ddfd918d456036c7149416295932478192f4436a1"},
]
future = [
    {file = "future-0.18.2.tar.gz", hash = "sha256:b1bead90b70cf6ec3f0710ae53a525360fa360d306a86583adc6bf83a4db537d"},
]
gax-google-logging-v2 = [
    {file = "gax-google-logging-v2-0.8.3.tar.gz", hash = "sha256:c36cbb93e070b3b535e9fffff6879efe447e525dff75b62eb4564def515e1a18"},
]
gax-google-pubsub-v1 = [
    {file = "gax-google-pubsub-v1-0.8.3.tar.gz", hash = "sha256:943df4aa05cf0302fa1616197d05e29adb62be2c0f55f80d8345439d72471526"},
]
gcloud = [
    {file = "gcloud-0.18.3.tar.gz", hash = "sha256:0af2dec59fce20561752f86e42d981c6a255e306a6c5e5d1fa3d358a8857e4fb"},
]
google-gax = [
    {file = "google-gax-0.12.5.tar.gz", hash = "sha256:63312a04cb87ca50e857245f05c582b2171807a30e61cef85006b983bf659cb9"},
]
googleapis-common-protos = [
    {file = "googleapis-common-protos-1.51.0.tar.gz", hash = "sha256:013c91704279119150e44ef770086fdbba158c1f978a6402167d47d5409e226e"},
]
grpc-google-logging-v2 = [
    {file = "grpc-google-logging-v2-0.8.1.tar.gz", hash = "sha256:4b6b4e603860b134b2cb8732bb4d1f2cec963d553497dcf70b3f5ecc99d7fb4f"},
]
grpc-google-pubsub-v1 = [
    {file = "grpc-google-pubsub-v1-0.8.1.tar.gz", hash = "sha256:ab5a3a239a9678012cdc00a9b9a8fe8c75fca9a0035da41da3078145e9d967b9"},
]
grpcio = [
    {file = "grpcio-1.27.1-cp27-cp27m-macosx_10_9_x86_64.whl", hash = "sha256:9fc0d666dbefcec490fc19282ea60111de56974537353bb74725a2c4f74f9922"},
    {file = "grpcio-1.27.1-cp27-cp27m-manylinux1_i686.whl", hash = "sha256:e7064e2cb44beb6a5c629ed6f4a46e28f76f6e5b2c1b9fb78d9be092d0087793"},
    {file = "grpcio-1.27.1-cp27-cp27m-manylinux1_x86_64.whl", hash = "sha256:313c202f7d3b4a60f610481186843754ec2d3eff08a7d7c80e31d4231dc30d3b"},
    {file = "grpcio-1.27.1-cp27-cp27m-manylinux2010_i686.whl", hash = "sha256:c9177b593504b8b6932cb6d5e8e71bfa92b12ca05e670994f156e4805fd65103"},
    {file = "grpcio-1.27.1-cp27-cp27m-manylinux2010_x86_64.whl", hash = "sha256:c7e6fee9b47ccf77e9c2f62fc9ddc468f620c8dc8c1ce44b421d60f89b8181ca"},
    {file = "grpcio-1.27.1-cp27-cp27m-win32.whl", hash = "sha256:090325ec265466ae6a875faf2d903dbbf6a3e3b78b468f6a5eef25b4f19aa3a0"},
    {file = "grpcio-1.27.1-cp27-cp27m-win_amd64.whl", hash = "sha256:6ac41f39100fe81558785d20601cdb7a179aa377c25a8b4e0c84b430b09d5ee7"},
    {file = "grpcio-1.27.1-cp27-cp27mu-linux_armv7l.whl", hash = "sha256:0f2ca165eb5b1fe4532db84d0d99c5045ca20c4861f158c82bbca29655e55a08"},
    {file = "grpcio-1.27.1-cp27-cp27mu-manylinux1_i686.whl", hash = "sha256:9197de1aec35bc3b0130af71e35e872693b35c5b4f8e99a1ba34a867516174cb"},
    {file = "grpcio-1.27.1-cp27-cp27mu-manylinux1_x86_64.whl", hash = "sha256:0adf01b7b79a88d4c98059805920f952d7149b4947a6c5e725955e62a61a2bea"},
    {file = "grpcio-1.27.1-cp27-cp27mu-manylinux2010_i686.whl", hash = "sha256:1ffdf333741726792c47145dc8cde8c947ec41e82a7f9de920d0b73edc1e67e0"},
    {file = "grpcio-1.27.1-cp27-cp27mu-manylinux2010_x86_64.whl", hash = "sha256:4ee8dbb9440aa8e578340c1d9e10deb053f70919bcc777676f8039190c76baf6"},
    {file = "grpcio-1.27.1-cp35-cp35m-linux_armv7l.whl", hash = "sha256:c57da980d054dc9dd6d052c710536c4d8efa5f41e2193eb1662f4381aa0d501a"},
    {file = "grpcio-1.27.1-cp35-cp35m-macosx_10_7_intel.whl", hash = "sha256:1ebe3093958b46c72c3a4a63477f7b8e60e8887d9ac8b3bdfb9e9bec05caabd2"},
    {file = "grpcio-1.27.1-cp35-cp35m-manylinux1_i686.whl", hash = "sha256:a494b81441af0eba8dea62cd6a0d78da0b99989ee98f361cbcfe5c34119452b7"},
    {file = "grpcio-1.27.1-cp35-cp35m-manylinux1_x86_64.whl", hash = "sha256:421e91334b2e296927047722c7f2f2e622e1eee5938bdaebc74b956ea1451dcf"},
    {file = "grpcio-1.27.1-cp35-cp35m-manylinux2010_i686.whl", hash = "sha256:99fbd1b75d0aa9c61b09eb4975e97b35f3c1b7a0b507b7507c8904dbadb8318c"},
    {file = "grpcio-1.27.1-cp35-cp35m-manylinux2010_x86_64.whl", hash = "sha256:be96fd0c8048c1b04b181b36c18274c564abc5d4f868f20a17fce0cd0f02ba81"},
    {file = "grpcio-1.27.1-cp35-cp35m-win32.whl", hash = "sha256:a032bd4cd05bf5112271f8c481a7161fbb67dc4191a12b9c04fd49c9058ae3fd"},
    {file = "grpcio-1.27.1-cp35-cp35m-win_amd64.whl", hash = "sha256:d444659793b0177eca9c0d5189662f1e176faadc579e7aec9d6b4cd58654a05c"},
    {file = "grpcio-1.27.1-cp36-cp36m-linux_armv7l.whl", hash = "sha256:882a529b5c2ad498dd79fc3238a9f99249a140d3502df2bdc342b5f59b9555e3"},
    {file = "grpcio-1.27.1-cp36-cp36m-macosx_10_9_x86_64.whl", hash = "sha256:4d1ef5fa46848e073f10fde5e63c2228d8a36e850a7422c84cd470c930eb9408"},
    {file = "grpcio-1.27.1-cp36-cp36m-manylinux1_i686.whl", hash = "sha256:c67278a23cb18008eab9ae1362f0e9d477ca8b8779d1ed601d9250d130ed2ed4"},
    {file = "grpcio-1.27.1-cp36-cp36m-manylinux1_x86_64.whl", hash = "sha256:3199b373dfab8e3fc77aac794c8bd59593ba75d6d7c7e5585dfe496367b053d5"},
    {file = "grpcio-1.27.1-cp36-cp36m-manylinux2010_i686.whl", hash = "sha256:fcd38f293e5380335e6ec36174b34ed9a136cfb23a76082770f6180888819f28"},
    {file = "grpcio-1.27.1-cp36-cp36m-manylinux2010_x86_64.whl", hash = "sha256:24cc8bab24a9799c574795ad2ec1c11430c84dd5acefb49d34439e72ca8b4aa5"},
    {file = "grpcio-1.27.1-cp36-cp36m-win32.whl", hash = "sha256:79e7beb53d4da29f6e9527137948c702fe2829fa5644e755bca0bcefc67a8654"},
    {file = "grpcio-1.27.1-cp36-cp36m-win_amd64.whl", hash = "sha256:3b8f4c2f8db147bab6bbbe7b14a9f74e154f59572f5031ba1cf932045b73b7c9"},
    {file = "grpcio-1.27.1-cp37-cp37m-macosx_10_9_x86_64.whl", hash = "sha256:9ed2b218ed83d088c159709ad6344edf85226de796036cf55253e98d297b64f5"},
    {file = "grpcio-1.27.1-cp37-cp37m-manylinux1_i686.whl", hash = "sha256:aa4108228c056e10f46aa012935646fe42b88fa30496ce28cc74f8d444534cca"},
    {file = "grpcio-1.27.1-cp37-cp37m-manylinux1_x86_64.whl", hash = "sha256:70d876631af27383d59071f298b6e7827910d058cf00ede12222f8b73c6933cc"},
    {file = "grpcio-1.27.1-cp37-cp37m-manylinux2010_i686.whl", hash = "sha256:bb060dcdcc20359d565dfee36e2c906968c4fe73392e75d3de1c6025a4280b24"},
    {file = "grpcio-1.27.1-cp37-cp37m-manylinux2010_x86_64.whl", hash = "sha256:c3bf9384b1cd55de1b08c6fbeb93756d7c38af9ba57cd8aec05c41645ffeac5f"},
    {file = "grpcio-1.27.1-cp37-cp37m-win32.whl", hash = "sha256:38d7427586963ed08e75820c7f3dbd99a9bb48cb608470655717602e7f4e6af6"},
    {file = "grpcio-1.27.1-cp37-cp37m-win_amd64.whl", hash = "sha256:8c77e99e6aa6a98c55e3bf240271f38d705f35e4bfbcda9d90d59e6cad0fbde6"},
    {file = "grpcio-1.27.1-cp38-cp38-macosx_10_9_x86_64.whl", hash = "sha256:259659c947aaee67c306d08ce3b664f8d78abb7a0f190ae349a1bc96c7b2ff59"},
    {file = "grpcio-1.27.1-cp38-cp38-manylinux1_i686.whl", hash = "sha256:ee2bf83129b1952261a9cea61adbe58c4dd6b701a05bb55dc31bd917322ab99f"},
    {file = "grpcio-1.27.1-cp38-cp38-manylinux1_x86_64.whl", hash = "sha256:f2eff46bc020043de5581e3e77ad7c3da6c5346d6430bbaaabc354675564ff97"},
    {file = "grpcio-1.27.1-cp38-cp38-manylinux2010_i686.whl", hash = "sha256:80b7b16e74b4d6ebcaa3a5819294df1636a397efb90567b7afe5607c085c288c"},
    {file = "grpcio-1.27.1-cp38-cp38-manylinux2010_x86_64.whl", hash = "sha256:bdd602a52c9bf86f9a126a75b304a90c055035296955127db9df33aebf043021"},
    {file = "grpcio-1.27.1-cp38-cp38-win32.whl", hash = "sha256:692145878e7913b767546a1c2741655340d9d2f30c485700605e46e55929ec8d"},
    {file = "grpcio-1.27.1-cp38-cp38-win_amd64.whl", hash = "sha256:8f8cc652ad0f269851da2ac1bf88f50cadb6ea80999c22a338a2ea016983f1a9"},
    {file = "grpcio-1.27.1.tar.gz", hash = "sha256:a899725d34769a498ecd3be154021c4368dd22bdc69473f6ec46779696f626c4"},
]
httplib2 = [
    {file = "httplib2-0.17.0-py3-none-any.whl", hash = "sha256:79751cc040229ec896aa01dced54de0cd0bf042f928e84d5761294422dde4454"},
    {file = "httplib2-0.17.0.tar.gz", hash = "sha256:de96d0a49f46d0ee7e0aae80141d37b8fcd6a68fb05d02e0b82c128592dd8261"},
]
idna = [
    {file = "idna-2.8-py2.py3-none-any.whl", hash = "sha256:ea8b7f6188e6fa117537c3df7da9fc686d485087abf6ac197f9c46432f7e4a3c"},
    {file = "idna-2.8.tar.gz", hash = "sha256:c357b3f628cf53ae2c4c05627ecc484553142ca23264e593d327bcde5e9c3407"},
]
importlib-metadata = [
    {file = "importlib_metadata-1.5.0-py2.py3-none-any.whl", hash = "sha256:b97607a1a18a5100839aec1dc26a1ea17ee0d93b20b0f008d80a5a050afb200b"},
    {file = "importlib_metadata-1.5.0.tar.gz", hash = "sha256:06f5b3a99029c7134207dd882428a66992a9de2bef7c2b699b5641f9886c3302"},
]
jws = [
    {file = "jws-0.1.3-py2.6.egg", hash = "sha256:8f9c25d7022a9592fe4766612db729e7f5ee2afbc8d409108ef11f26b0aa94b6"},
    {file = "jws-0.1.3-py2.7.egg", hash = "sha256:6f48d610bbd0d6974ce0c010a6ce0438d3fa87539e68c5e21ea28d29a8df0e57"},
    {file = "jws-0.1.3-py3.4.egg", hash = "sha256:1c435117e2f6842e74e9a167df58cbab20f36aa14996ccbc81b7aded2f09a704"},
    {file = "jws-0.1.3.tar.gz", hash = "sha256:0e3d4cb06ae7c5c1d16d357b4e7acb5c5ecab0cccb3a4b998035b85052488053"},
]
more-itertools = [
    {file = "more-itertools-8.2.0.tar.gz", hash = "sha256:b1ddb932186d8a6ac451e1d95844b382f55e12686d51ca0c68b6f61f2ab7a507"},
    {file = "more_itertools-8.2.0-py3-none-any.whl", hash = "sha256:5dd8bcf33e5f9513ffa06d5ad33d78f31e1931ac9a18f33d37e77a180d393a7c"},
]
oauth2client = [
    {file = "oauth2client-4.1.2-py2.py3-none-any.whl", hash = "sha256:cf061f52f75e91d489bf5c276498f8af2655fe331b454f10022441513cf445a6"},
    {file = "oauth2client-4.1.2.tar.gz", hash = "sha256:bd3062c06f8b10c6ef7a890b22c2740e5f87d61b6e1f4b1c90d069cdfc9dadb5"},
]
oscrypto = [
    {file = "oscrypto-1.2.0-py2.py3-none-any.whl", hash = "sha256:e9ea9401294b20ee17225502cc308660814ba8de386f94bc9b1dcf518d5399d9"},
    {file = "oscrypto-1.2.0.tar.gz", hash = "sha256:2f53f50813ecc5114fd126b89766fabdb9448e0bb080814451cc4bb92acafca4"},
]
packaging = [
    {file = "packaging-20.1-py2.py3-none-any.whl", hash = "sha256:170748228214b70b672c581a3dd610ee51f733018650740e98c7df862a583f73"},
    {file = "packaging-20.1.tar.gz", hash = "sha256:e665345f9eef0c621aa0bf2f8d78cf6d21904eef16a93f020240b704a57f1334"},
]
pluggy = [
    {file = "pluggy-0.13.1-py2.py3-none-any.whl", hash = "sha256:966c145cd83c96502c3c3868f50408687b38434af77734af1e9ca461a4081d2d"},
    {file = "pluggy-0.13.1.tar.gz", hash = "sha256:15b2acde666561e1298d71b523007ed7364de07029219b604cf808bfa1c765b0"},
]
ply = [
    {file = "ply-3.8.tar.gz", hash = "sha256:e7d1bdff026beb159c9942f7a17e102c375638d9478a7ecd4cc0c76afd8de0b8"},
]
protobuf = [
    {file = "protobuf-3.11.3-cp27-cp27m-macosx_10_9_x86_64.whl", hash = "sha256:ef2c2e56aaf9ee914d3dccc3408d42661aaf7d9bb78eaa8f17b2e6282f214481"},
    {file = "protobuf-3.11.3-cp27-cp27mu-manylinux1_x86_64.whl", hash = "sha256:dd9aa4401c36785ea1b6fff0552c674bdd1b641319cb07ed1fe2392388e9b0d7"},
    {file = "protobuf-3.11.3-cp35-cp35m-macosx_10_9_intel.whl", hash = "sha256:310a7aca6e7f257510d0c750364774034272538d51796ca31d42c3925d12a52a"},
    {file = "protobuf-3.11.3-cp35-cp35m-manylinux1_x86_64.whl", hash = "sha256:e512b7f3a4dd780f59f1bf22c302740e27b10b5c97e858a6061772668cd6f961"},
    {file = "protobuf-3.11.3-cp35-cp35m-win32.whl", hash = "sha256:fdfb6ad138dbbf92b5dbea3576d7c8ba7463173f7d2cb0ca1bd336ec88ddbd80"},
    {file = "protobuf-3.11.3-cp35-cp35m-win_amd64.whl", hash = "sha256:e2f8a75261c26b2f5f3442b0525d50fd79a71aeca04b5ec270fc123536188306"},
    {file = "protobuf-3.11.3-cp36-cp36m-macosx_10_9_x86_64.whl", hash = "sha256:c40973a0aee65422d8cb4e7d7cbded95dfeee0199caab54d5ab25b63bce8135a"},
    {file = "protobuf-3.11.3-cp36-cp36m-manylinux1_x86_64.whl", hash = "sha256:adf0e4d57b33881d0c63bb11e7f9038f98ee0c3e334c221f0858f826e8fb0151"},
    {file = "protobuf-3.11.3-cp36-cp36m-win32.whl", hash = "sha256:0bae429443cc4748be2aadfdaf9633297cfaeb24a9a02d0ab15849175ce90fab"},
    {file = "protobuf-3.11.3-cp36-cp36m-win_amd64.whl", hash = "sha256:e11df1ac6905e81b815ab6fd518e79be0a58b5dc427a2cf7208980f30694b956"},
    {file = "protobuf-3.11.3-cp37-cp37m-macosx_10_9_x86_64.whl", hash = "sha256:7774bbbaac81d3ba86de646c39f154afc8156717972bf0450c9dbfa1dc8dbea2"},
    {file = "protobuf-3.11.3-cp37-cp37m-manylinux1_x86_64.whl", hash = "sha256:8eb9c93798b904f141d9de36a0ba9f9b73cc382869e67c9e642c0aba53b0fc07"},
    {file = "protobuf-3.11.3-cp37-cp37m-win32.whl", hash = "sha256:fac513a9dc2a74b99abd2e17109b53945e364649ca03d9f7a0b96aa8d1807d0a"},
    {file = "protobuf-3.11.3-cp37-cp37m-win_amd64.whl", hash = "sha256:82d7ac987715d8d1eb4068bf997f3053468e0ce0287e2729c30601feb6602fee"},
    {file = "protobuf-3.11.3-cp38-cp38-macosx_10_9_x86_64.whl", hash = "sha256:73152776dc75f335c476d11d52ec6f0f6925774802cd48d6189f4d5d7fe753f4"},
    {file = "protobuf-3.11.3-cp38-cp38-manylinux1_x86_64.whl", hash = "sha256:52e586072612c1eec18e1174f8e3bb19d08f075fc2e3f91d3b16c919078469d0"},
    {file = "protobuf-3.11.3-py2.7.egg", hash = "sha256:2affcaba328c4662f3bc3c0e9576ea107906b2c2b6422344cdad961734ff6b93"},
    {file = "protobuf-3.11.3-py2.py3-none-any.whl", hash = "sha256:24e3b6ad259544d717902777b33966a1a069208c885576254c112663e6a5bb0f"},
    {file = "protobuf-3.11.3.tar.gz", hash = "sha256:c77c974d1dadf246d789f6dad1c24426137c9091e930dbf50e0a29c1fcf00b1f"},
]
py = [
    {file = "py-1.8.1-py2.py3-none-any.whl", hash = "sha256:c20fdd83a5dbc0af9efd622bee9a5564e278f6380fffcacc43ba6f43db2813b0"},
    {file = "py-1.8.1.tar.gz", hash = "sha256:5e27081401262157467ad6e7f851b7aa402c5852dbcb3dae06768434de5752aa"},
]
pyasn1 = [
    {file = "pyasn1-0.4.8-py2.4.egg", hash = "sha256:fec3e9d8e36808a28efb59b489e4528c10ad0f480e57dcc32b4de5c9d8c9fdf3"},
    {file = "pyasn1-0.4.8-py2.5.egg", hash = "sha256:0458773cfe65b153891ac249bcf1b5f8f320b7c2ce462151f8fa74de8934becf"},
    {file = "pyasn1-0.4.8-py2.6.egg", hash = "sha256:5c9414dcfede6e441f7e8f81b43b34e834731003427e5b09e4e00e3172a10f00"},
    {file = "pyasn1-0.4.8-py2.7.egg", hash = "sha256:6e7545f1a61025a4e58bb336952c5061697da694db1cae97b116e9c46abcf7c8"},
    {file = "pyasn1-0.4.8-py2.py3-none-any.whl", hash = "sha256:39c7e2ec30515947ff4e87fb6f456dfc6e84857d34be479c9d4a4ba4bf46aa5d"},
    {file = "pyasn1-0.4.8-py3.1.egg", hash = "sha256:78fa6da68ed2727915c4767bb386ab32cdba863caa7dbe473eaae45f9959da86"},
    {file = "pyasn1-0.4.8-py3.2.egg", hash = "sha256:08c3c53b75eaa48d71cf8c710312316392ed40899cb34710d092e96745a358b7"},
    {file = "pyasn1-0.4.8-py3.3.egg", hash = "sha256:03840c999ba71680a131cfaee6fab142e1ed9bbd9c693e285cc6aca0d555e576"},
    {file = "pyasn1-0.4.8-py3.4.egg", hash = "sha256:7ab8a544af125fb704feadb008c99a88805126fb525280b2270bb25cc1d78a12"},
    {file = "pyasn1-0.4.8-py3.5.egg", hash = "sha256:e89bf84b5437b532b0803ba5c9a5e054d21fec423a89952a74f87fa2c9b7bce2"},
    {file = "pyasn1-0.4.8-py3.6.egg", hash = "sha256:014c0e9976956a08139dc0712ae195324a75e142284d5f87f1a87ee1b068a359"},
    {file = "pyasn1-0.4.8-py3.7.egg", hash = "sha256:99fcc3c8d804d1bc6d9a099921e39d827026409a58f2a720dcdb89374ea0c776"},
    {file = "pyasn1-0.4.8.tar.gz", hash = "sha256:aef77c9fb94a3ac588e87841208bdec464471d9871bd5050a287cc9a475cd0ba"},
]
pyasn1-modules = [
    {file = "pyasn1-modules-0.2.8.tar.gz", hash = "sha256:905f84c712230b2c592c19470d3ca8d552de726050d1d1716282a1f6146be65e"},
    {file = "pyasn1_modules-0.2.8-py2.4.egg", hash = "sha256:0fe1b68d1e486a1ed5473f1302bd991c1611d319bba158e98b106ff86e1d7199"},
    {file = "pyasn1_modules-0.2.8-py2.5.egg", hash = "sha256:fe0644d9ab041506b62782e92b06b8c68cca799e1a9636ec398675459e031405"},
    {file = "pyasn1_modules-0.2.8-py2.6.egg", hash = "sha256:a99324196732f53093a84c4369c996713eb8c89d360a496b599fb1a9c47fc3eb"},
    {file = "pyasn1_modules-0.2.8-py2.7.egg", hash = "sha256:0845a5582f6a02bb3e1bde9ecfc4bfcae6ec3210dd270522fee602365430c3f8"},
    {file = "pyasn1_modules-0.2.8-py2.py3-none-any.whl", hash = "sha256:a50b808ffeb97cb3601dd25981f6b016cbb3d31fbf57a8b8a87428e6158d0c74"},
    {file = "pyasn1_modules-0.2.8-py3.1.egg", hash = "sha256:f39edd8c4ecaa4556e989147ebf219227e2cd2e8a43c7e7fcb1f1c18c5fd6a3d"},
    {file = "pyasn1_modules-0.2.8-py3.2.egg", hash = "sha256:b80486a6c77252ea3a3e9b1e360bc9cf28eaac41263d173c032581ad2f20fe45"},
    {file = "pyasn1_modules-0.2.8-py3.3.egg", hash = "sha256:65cebbaffc913f4fe9e4808735c95ea22d7a7775646ab690518c056784bc21b4"},
    {file = "pyasn1_modules-0.2.8-py3.4.egg", hash = "sha256:15b7c67fabc7fc240d87fb9aabf999cf82311a6d6fb2c70d00d3d0604878c811"},
    {file = "pyasn1_modules-0.2.8-py3.5.egg", hash = "sha256:426edb7a5e8879f1ec54a1864f16b882c2837bfd06eee62f2c982315ee2473ed"},
    {file = "pyasn1_modules-0.2.8-py3.6.egg", hash = "sha256:cbac4bc38d117f2a49aeedec4407d23e8866ea4ac27ff2cf7fb3e5b570df19e0"},
    {file = "pyasn1_modules-0.2.8-py3.7.egg", hash = "sha256:c29a5e5cc7a3f05926aff34e097e84f8589cd790ce0ed41b67aed6857b26aafd"},
]
pycryptodome = [
    {file = "pycryptodome-3.9.6-cp27-cp27m-macosx_10_6_intel.whl", hash = "sha256:5029c46b0d41dfb763c3981c0af68eab029f06fe2b94f2299112fc18cf9e8d6d"},
    {file = "pycryptodome-3.9.6-cp27-cp27m-manylinux1_i686.whl", hash = "sha256:95d324e603c5cec5d89e8595236bbf59ade5fe3a72d100ce61eebb323d598750"},
    {file = "pycryptodome-3.9.6-cp27-cp27m-manylinux1_x86_64.whl", hash = "sha256:2a57daef18a2022a5e4b6f7376c9ddd0c2d946e4b1f1e59b837f5bf295be7380"},
    {file = "pycryptodome-3.9.6-cp27-cp27m-win32.whl", hash = "sha256:a719bd708207fa219fcbf4c8ebbcbc52846045f78179d00445b429fdabdbc1c4"},
    {file = "pycryptodome-3.9.6-cp27-cp27m-win_amd64.whl", hash = "sha256:39e5ca2f66d1eac7abcba5ce1a03370d123dc6085620f1cd532dfee27e650178"},
    {file = "pycryptodome-3.9.6-cp27-cp27mu-manylinux1_i686.whl", hash = "sha256:f4d2174e168d0eabd1fffaf88b4f62c2b6f30a67b8816f31024b8e48be3e2d75"},
    {file = "pycryptodome-3.9.6-cp27-cp27mu-manylinux1_x86_64.whl", hash = "sha256:ec7d39589f9cfc2a8b83b1d2fc673441757c99d43283e97b2dd46e0e23730db8"},
    {file = "pycryptodome-3.9.6-cp34-cp34m-manylinux1_i686.whl", hash = "sha256:9163fec630495c10c767991e3f8dab32f4427bfb2dfeaa59bb28fe3e52ba66f2"},
    {file = "pycryptodome-3.9.6-cp34-cp34m-manylinux1_x86_64.whl", hash = "sha256:0a8d5f2dbb4bbe830ace54286b829bfa529f0853bedaab6225fcb2e6d1f7e356"},
    {file = "pycryptodome-3.9.6-cp35-cp35m-macosx_10_6_intel.whl", hash = "sha256:5817c0b3c263025d851da96b90cbc7e95348008f88b990e90d10683dba376666"},
    {file = "pycryptodome-3.9.6-cp35-cp35m-manylinux1_i686.whl", hash = "sha256:c41b7e10b72cef00cd63410f31fe50e72dc3a40eafbd146e288384fbe4208064"},
    {file = "pycryptodome-3.9.6-cp35-cp35m-manylinux1_x86_64.whl", hash = "sha256:f3204006869ab037604b1d9f045c4e84882ddd365e4ee8caa5eb1ff47a59188e"},
    {file = "pycryptodome-3.9.6-cp35-cp35m-win32.whl", hash = "sha256:cdb0ad83a5d6bac986a37fcb7562bcbef0aabae8ea19505bab5cf83c4d18af12"},
    {file = "pycryptodome-3.9.6-cp35-cp35m-win_amd64.whl", hash = "sha256:1259b8ca49662b8a941177357f08147d858595c0042e63ff81e9628e925b5c9d"},
    {file = "pycryptodome-3.9.6-cp36-cp36m-macosx_10_6_intel.whl", hash = "sha256:09bf05a489fe10f9280a5e0163f195e7b9630cafb15f7d72fb9c8f5eb2afa84f"},
    {file = "pycryptodome-3.9.6-cp36-cp36m-manylinux1_i686.whl", hash = "sha256:fcff8c9d88d58880f7eda2139c7c444552a38f98a9e77ba5970b6e78f54ac358"},
    {file = "pycryptodome-3.9.6-cp36-cp36m-manylinux1_x86_64.whl", hash = "sha256:9948c2d5c5c0ee45ed44cee0e2eba2ce60a03be006ed3074521f3da3be162e72"},
    {file = "pycryptodome-3.9.6-cp36-cp36m-win32.whl", hash = "sha256:79320f1fc5c9ca682869087c565bb29ca6f334692e940d7365771e9a94382e12"},
    {file = "pycryptodome-3.9.6-cp36-cp36m-win_amd64.whl", hash = "sha256:d8e480f65ac7105cbc288eec2417dc61eaac6ed6e75595aa15b8c7c77c53a68b"},
    {file = "pycryptodome-3.9.6-cp37-cp37m-macosx_10_6_intel.whl", hash = "sha256:07daddb98f98f771ba027f8f835bdb675aeb84effe41ed5221f520b267429354"},
    {file = "pycryptodome-3.9.6-cp37-cp37m-manylinux1_i686.whl", hash = "sha256:da2d581da279bc7408d38e16ff77754f5448c4352f2acfe530a5d14d8fc6934a"},
    {file = "pycryptodome-3.9.6-cp37-cp37m-manylinux1_x86_64.whl", hash = "sha256:012ca77c2105600e3c6aef43188101ac1d95052c633a4ae8fbebffab20c25f8a"},
    {file = "pycryptodome-3.9.6-cp37-cp37m-win32.whl", hash = "sha256:05b4d865710f9a6378d3ada28195ff78e52642d3ecffe6fa9d379d870b9bf29d"},
    {file = "pycryptodome-3.9.6-cp37-cp37m-win_amd64.whl", hash = "sha256:9927aa8a8cb4af681279b6f28a1dcb14e0eb556c1aea8413a1e27608a8516e0c"},
    {file = "pycryptodome-3.9.6-cp38-cp38-macosx_10_9_x86_64.whl", hash = "sha256:de61091dd68326b600422cf731eb4810c4c6363f18a65bccd6061784b7454f5b"},
    {file = "pycryptodome-3.9.6-cp38-cp38-manylinux1_i686.whl", hash = "sha256:238d8b6dd27bd1a04816a68aa90a739e6dd23b192fcd83b50f9360958bff192a"},
    {file = "pycryptodome-3.9.6-cp38-cp38-manylinux1_x86_64.whl", hash = "sha256:3d516df693c195b8da3795e381429bd420e87081b7e6c2871c62c9897c812cda"},
    {file = "pycryptodome-3.9.6-cp38-cp38-win32.whl", hash = "sha256:3e486c5b7228e864665fc479e9f596b2547b5fe29c6f5c8ed3807784d06faed7"},
    {file = "pycryptodome-3.9.6-cp38-cp38-win_amd64.whl", hash = "sha256:887d08beca6368d3d70dc75126607ad76317a9fd07fe61323d8c3cb42add12b6"},
    {file = "pycryptodome-3.9.6.tar.gz", hash = "sha256:bc22ced26ebc46546798fa0141f4418f1db116dec517f0aeaecec87cf7b2416c"},
]
pyparsing = [
    {file = "pyparsing-2.4.6-py2.py3-none-any.whl", hash = "sha256:c342dccb5250c08d45fd6f8b4a559613ca603b57498511740e65cd11a2e7dcec"},
    {file = "pyparsing-2.4.6.tar.gz", hash = "sha256:4c830582a84fb022400b85429791bc551f1f4871c33f23e44f353119e92f969f"},
]
pyrebase4 = [
    {file = "Pyrebase4-4.3.0-py3-none-any.whl", hash = "sha256:77d434ce51612830d5c9e0b21f630e9b4f5c9f0364dc74c8688d818bdf6125ca"},
    {file = "Pyrebase4-4.3.0.tar.gz", hash = "sha256:16b600872adc0c611ef903a9a942797d5987e748bde2a6a76b7f1227c061eb74"},
]
pytest = [
    {file = "pytest-5.3.5-py3-none-any.whl", hash = "sha256:ff615c761e25eb25df19edddc0b970302d2a9091fbce0e7213298d85fb61fef6"},
    {file = "pytest-5.3.5.tar.gz", hash = "sha256:0d5fe9189a148acc3c3eb2ac8e1ac0742cb7618c084f3d228baaec0c254b318d"},
]
python-jwt = [
    {file = "python_jwt-2.0.1-py2.py3-none-any.whl", hash = "sha256:6b2d334cfa8af8423d96bff45a00a7bc811d87f460d1e7f4732b3ae90220f02c"},
    {file = "python_jwt-2.0.1.tar.gz", hash = "sha256:db2a8ad41b816e0c00e0f8ba3c1899675daa26139641a61356579304960533a1"},
]
requests = [
    {file = "requests-2.22.0-py2.py3-none-any.whl", hash = "sha256:9cf5292fcd0f598c671cfc1e0d7d1a7f13bb8085e9a590f48c010551dc6c4b31"},
    {file = "requests-2.22.0.tar.gz", hash = "sha256:11e007a8a2aa0323f5a921e9e6a2d7e4e67d9877e85773fba9ba6419025cbeb4"},
]
requests-toolbelt = [
    {file = "requests-toolbelt-0.9.1.tar.gz", hash = "sha256:968089d4584ad4ad7c171454f0a5c6dac23971e9472521ea3b6d49d610aa6fc0"},
    {file = "requests_toolbelt-0.9.1-py2.py3-none-any.whl", hash = "sha256:380606e1d10dc85c3bd47bf5a6095f815ec007be7a8b69c878507068df059e6f"},
]
rsa = [
    {file = "rsa-4.0-py2.py3-none-any.whl", hash = "sha256:14ba45700ff1ec9eeb206a2ce76b32814958a98e372006c8fb76ba820211be66"},
    {file = "rsa-4.0.tar.gz", hash = "sha256:1a836406405730121ae9823e19c6e806c62bbad73f890574fff50efa4122c487"},
]
sgx-ias-structs = [
    {file = "sgx_ias_structs-0.1.1-cp37-cp37m-macosx_10_7_x86_64.whl", hash = "sha256:6b2d4eea0d2f179ab14c20b984a4160b420c7bcac42c936ec6044ad38842fce2"},
    {file = "sgx_ias_structs-0.1.1-cp37-cp37m-manylinux1_x86_64.whl", hash = "sha256:74f6ecece39a7a9b6125bdd78994b36dbceeea4a0dff50616b17d836ebe9d8de"},
    {file = "sgx_ias_structs-0.1.1-cp37-none-win_amd64.whl", hash = "sha256:950cdd4a36b0db7662650ce406faa72635c3b45adc90698427a0dee0546c35ea"},
]
six = [
    {file = "six-1.14.0-py2.py3-none-any.whl", hash = "sha256:8f3cd2e254d8f793e7f3d6d9df77b92252b52637291d0f0da013c76ea2724b6c"},
    {file = "six-1.14.0.tar.gz", hash = "sha256:236bdbdce46e6e6a3d61a337c0f8b763ca1e8717c03b369e87a7ec7ce1319c0a"},
]
urllib3 = [
    {file = "urllib3-1.25.8-py2.py3-none-any.whl", hash = "sha256:2f3db8b19923a873b3e5256dc9c2dedfa883e33d87c690d9c7913e1f40673cdc"},
    {file = "urllib3-1.25.8.tar.gz", hash = "sha256:87716c2d2a7121198ebcb7ce7cccf6ce5e9ba539041cfbaeecfb641dc0bf6acc"},
]
wcwidth = [
    {file = "wcwidth-0.1.8-py2.py3-none-any.whl", hash = "sha256:8fd29383f539be45b20bd4df0dc29c20ba48654a41e661925e612311e9f3c603"},
    {file = "wcwidth-0.1.8.tar.gz", hash = "sha256:f28b3e8a6483e5d49e7f8949ac1a78314e740333ae305b4ba5defd3e74fb37a8"},
]
zipp = [
    {file = "zipp-2.2.0-py36-none-any.whl", hash = "sha256:d65287feb793213ffe11c0f31b81602be31448f38aeb8ffc2eb286c4f6f6657e"},
    {file = "zipp-2.2.0.tar.gz", hash = "sha256:5c56e330306215cd3553342cfafc73dda2c60792384117893f3a83f8a1209f50"},
]
